
Microsoft Visual Studio Solution File, Format Version 12.00
# Visual Studio Version 16
VisualStudioVersion = 16.0.31205.134
MinimumVisualStudioVersion = 10.0.40219.1
Project("{2150E333-8FDC-42A3-9474-1A3956D46DE8}") = "Services", "Services", "{E6A39F08-C9C3-4815-862D-19F2CC8E8DD4}"
EndProject
Project("{2150E333-8FDC-42A3-9474-1A3956D46DE8}") = "Catalog", "Catalog", "{923863A8-FE24-4F5D-AAB0-BA5D6440BD8F}"
EndProject
Project("{9A19103F-16F7-4668-BE54-9A1E7A4F7556}") = "FreeCourse.Services.Catalog", "Services\Catalog\FreeCourse.Services.Catalog\FreeCourse.Services.Catalog.csproj", "{996D7134-9C36-49FD-8F0F-C08E3F5C38A5}"
EndProject
Project("{2150E333-8FDC-42A3-9474-1A3956D46DE8}") = "Solution Items", "Solution Items", "{090D25CC-6ACC-4044-BC8E-9C6215F76714}"
	ProjectSection(SolutionItems) = preProject
		Posts.txt = Posts.txt
	EndProjectSection
EndProject
Project("{2150E333-8FDC-42A3-9474-1A3956D46DE8}") = "Shared", "Shared", "{E938F75A-2EF2-4544-AB5E-C07C09D7FE8F}"
EndProject
Project("{9A19103F-16F7-4668-BE54-9A1E7A4F7556}") = "FreeCourse.Shared", "Shared\FreeCourse.Shared\FreeCourse.Shared.csproj", "{EFF265CC-9B19-4C11-AB71-6D9E61142808}"
EndProject
Project("{2150E333-8FDC-42A3-9474-1A3956D46DE8}") = "IdentityServer", "IdentityServer", "{823ED382-6C39-4752-B533-631986D4DB78}"
EndProject
Project("{9A19103F-16F7-4668-BE54-9A1E7A4F7556}") = "FreeCourse.IdentityServer", "IdentityServer\FreeCourse.IdentityServer\FreeCourse.IdentityServer.csproj", "{DC7D3043-EA06-44F0-B36C-F25E92858167}"
EndProject
Project("{2150E333-8FDC-42A3-9474-1A3956D46DE8}") = "PhotoStock", "PhotoStock", "{91F63320-43A4-43FE-88D2-E8297139FB3D}"
EndProject
Project("{9A19103F-16F7-4668-BE54-9A1E7A4F7556}") = "FreeCourse.Services.PhotoStock", "Services\PhotoStock\FreeCourse.Services.PhotoStock\FreeCourse.Services.PhotoStock.csproj", "{F701DFF0-2393-4923-B0F9-A81A742D353F}"
EndProject
Project("{2150E333-8FDC-42A3-9474-1A3956D46DE8}") = "Basket", "Basket", "{721AD4FD-DAC6-4BC0-9DFE-33A6714BBDD8}"
EndProject
Project("{9A19103F-16F7-4668-BE54-9A1E7A4F7556}") = "FreeCourse.Services.Basket", "Services\Basket\FreeCourse.Services.Basket\FreeCourse.Services.Basket.csproj", "{6BC78327-5B58-4094-8715-C941BD8AF6BA}"
EndProject
Project("{2150E333-8FDC-42A3-9474-1A3956D46DE8}") = "Discount", "Discount", "{9C5561ED-66E6-4868-B789-0F9CED98605E}"
EndProject
Project("{9A19103F-16F7-4668-BE54-9A1E7A4F7556}") = "FreeCourse.Services.Discount", "Services\Discount\FreeCourse.Services.Discount\FreeCourse.Services.Discount.csproj", "{E79AC9F1-81EA-4CC5-8FD7-E7FFEE54C22B}"
EndProject
Project("{2150E333-8FDC-42A3-9474-1A3956D46DE8}") = "Order", "Order", "{57E33513-FA2E-4AEB-9547-A50DC8EE7309}"
EndProject
Project("{9A19103F-16F7-4668-BE54-9A1E7A4F7556}") = "FreeCourse.Services.Order.API", "Services\Order\FreeCourse.Services.Order.API\FreeCourse.Services.Order.API.csproj", "{7D283C05-4074-4662-9B69-4189B2B2E1CE}"
EndProject
Project("{9A19103F-16F7-4668-BE54-9A1E7A4F7556}") = "FreeCourse.Services.Order.Application", "Services\Order\FreeCourse.Services.Order.Application\FreeCourse.Services.Order.Application.csproj", "{2DB34737-DB75-40C8-964C-05B5474FFD33}"
EndProject
Project("{9A19103F-16F7-4668-BE54-9A1E7A4F7556}") = "FreeCourse.Services.Order.Domain", "Services\Order\FreeCourse.Services.Order.Domain\FreeCourse.Services.Order.Domain.csproj", "{2C1C361F-8DD2-435D-BC3E-E06000A06AA5}"
EndProject
Project("{9A19103F-16F7-4668-BE54-9A1E7A4F7556}") = "FreeCourse.Services.Order.Domain.Core", "Services\Order\FreeCourse.Services.Order.Domain.Core\FreeCourse.Services.Order.Domain.Core.csproj", "{D04691FC-8428-442B-A8CA-F9136942C663}"
EndProject
Project("{9A19103F-16F7-4668-BE54-9A1E7A4F7556}") = "FreeCourse.Services.Order.Infrastructure", "Services\Order\FreeCourse.Services.Order.Infrastructure\FreeCourse.Services.Order.Infrastructure.csproj", "{929D25B0-D6F3-4039-B36F-87E3F7991DDE}"
EndProject
Project("{2150E333-8FDC-42A3-9474-1A3956D46DE8}") = "FakePayment", "FakePayment", "{C5776190-DE6E-4DF8-9A08-917E1B8C6375}"
EndProject
Project("{FAE04EC0-301F-11D3-BF4B-00C04F79EFBC}") = "FreeCourse.Services.FakePayment", "Services\FakePayment\FreeCourse.Services.FakePayment\FreeCourse.Services.FakePayment.csproj", "{4D0A0EB4-3AD8-4B07-9464-1CDC883BE904}"
EndProject
Global
	GlobalSection(SolutionConfigurationPlatforms) = preSolution
		Debug|Any CPU = Debug|Any CPU
		Release|Any CPU = Release|Any CPU
	EndGlobalSection
	GlobalSection(ProjectConfigurationPlatforms) = postSolution
		{996D7134-9C36-49FD-8F0F-C08E3F5C38A5}.Debug|Any CPU.ActiveCfg = Debug|Any CPU
		{996D7134-9C36-49FD-8F0F-C08E3F5C38A5}.Debug|Any CPU.Build.0 = Debug|Any CPU
		{996D7134-9C36-49FD-8F0F-C08E3F5C38A5}.Release|Any CPU.ActiveCfg = Release|Any CPU
		{996D7134-9C36-49FD-8F0F-C08E3F5C38A5}.Release|Any CPU.Build.0 = Release|Any CPU
		{EFF265CC-9B19-4C11-AB71-6D9E61142808}.Debug|Any CPU.ActiveCfg = Debug|Any CPU
		{EFF265CC-9B19-4C11-AB71-6D9E61142808}.Debug|Any CPU.Build.0 = Debug|Any CPU
		{EFF265CC-9B19-4C11-AB71-6D9E61142808}.Release|Any CPU.ActiveCfg = Release|Any CPU
		{EFF265CC-9B19-4C11-AB71-6D9E61142808}.Release|Any CPU.Build.0 = Release|Any CPU
		{DC7D3043-EA06-44F0-B36C-F25E92858167}.Debug|Any CPU.ActiveCfg = Debug|Any CPU
		{DC7D3043-EA06-44F0-B36C-F25E92858167}.Debug|Any CPU.Build.0 = Debug|Any CPU
		{DC7D3043-EA06-44F0-B36C-F25E92858167}.Release|Any CPU.ActiveCfg = Release|Any CPU
		{DC7D3043-EA06-44F0-B36C-F25E92858167}.Release|Any CPU.Build.0 = Release|Any CPU
		{F701DFF0-2393-4923-B0F9-A81A742D353F}.Debug|Any CPU.ActiveCfg = Debug|Any CPU
		{F701DFF0-2393-4923-B0F9-A81A742D353F}.Debug|Any CPU.Build.0 = Debug|Any CPU
		{F701DFF0-2393-4923-B0F9-A81A742D353F}.Release|Any CPU.ActiveCfg = Release|Any CPU
		{F701DFF0-2393-4923-B0F9-A81A742D353F}.Release|Any CPU.Build.0 = Release|Any CPU
		{6BC78327-5B58-4094-8715-C941BD8AF6BA}.Debug|Any CPU.ActiveCfg = Debug|Any CPU
		{6BC78327-5B58-4094-8715-C941BD8AF6BA}.Debug|Any CPU.Build.0 = Debug|Any CPU
		{6BC78327-5B58-4094-8715-C941BD8AF6BA}.Release|Any CPU.ActiveCfg = Release|Any CPU
		{6BC78327-5B58-4094-8715-C941BD8AF6BA}.Release|Any CPU.Build.0 = Release|Any CPU
		{E79AC9F1-81EA-4CC5-8FD7-E7FFEE54C22B}.Debug|Any CPU.ActiveCfg = Debug|Any CPU
		{E79AC9F1-81EA-4CC5-8FD7-E7FFEE54C22B}.Debug|Any CPU.Build.0 = Debug|Any CPU
		{E79AC9F1-81EA-4CC5-8FD7-E7FFEE54C22B}.Release|Any CPU.ActiveCfg = Release|Any CPU
		{E79AC9F1-81EA-4CC5-8FD7-E7FFEE54C22B}.Release|Any CPU.Build.0 = Release|Any CPU
		{7D283C05-4074-4662-9B69-4189B2B2E1CE}.Debug|Any CPU.ActiveCfg = Debug|Any CPU
		{7D283C05-4074-4662-9B69-4189B2B2E1CE}.Debug|Any CPU.Build.0 = Debug|Any CPU
		{7D283C05-4074-4662-9B69-4189B2B2E1CE}.Release|Any CPU.ActiveCfg = Release|Any CPU
		{7D283C05-4074-4662-9B69-4189B2B2E1CE}.Release|Any CPU.Build.0 = Release|Any CPU
		{2DB34737-DB75-40C8-964C-05B5474FFD33}.Debug|Any CPU.ActiveCfg = Debug|Any CPU
		{2DB34737-DB75-40C8-964C-05B5474FFD33}.Debug|Any CPU.Build.0 = Debug|Any CPU
		{2DB34737-DB75-40C8-964C-05B5474FFD33}.Release|Any CPU.ActiveCfg = Release|Any CPU
		{2DB34737-DB75-40C8-964C-05B5474FFD33}.Release|Any CPU.Build.0 = Release|Any CPU
		{2C1C361F-8DD2-435D-BC3E-E06000A06AA5}.Debug|Any CPU.ActiveCfg = Debug|Any CPU
		{2C1C361F-8DD2-435D-BC3E-E06000A06AA5}.Debug|Any CPU.Build.0 = Debug|Any CPU
		{2C1C361F-8DD2-435D-BC3E-E06000A06AA5}.Release|Any CPU.ActiveCfg = Release|Any CPU
		{2C1C361F-8DD2-435D-BC3E-E06000A06AA5}.Release|Any CPU.Build.0 = Release|Any CPU
		{D04691FC-8428-442B-A8CA-F9136942C663}.Debug|Any CPU.ActiveCfg = Debug|Any CPU
		{D04691FC-8428-442B-A8CA-F9136942C663}.Debug|Any CPU.Build.0 = Debug|Any CPU
		{D04691FC-8428-442B-A8CA-F9136942C663}.Release|Any CPU.ActiveCfg = Release|Any CPU
		{D04691FC-8428-442B-A8CA-F9136942C663}.Release|Any CPU.Build.0 = Release|Any CPU
		{929D25B0-D6F3-4039-B36F-87E3F7991DDE}.Debug|Any CPU.ActiveCfg = Debug|Any CPU
		{929D25B0-D6F3-4039-B36F-87E3F7991DDE}.Debug|Any CPU.Build.0 = Debug|Any CPU
		{929D25B0-D6F3-4039-B36F-87E3F7991DDE}.Release|Any CPU.ActiveCfg = Release|Any CPU
		{929D25B0-D6F3-4039-B36F-87E3F7991DDE}.Release|Any CPU.Build.0 = Release|Any CPU
		{4D0A0EB4-3AD8-4B07-9464-1CDC883BE904}.Debug|Any CPU.ActiveCfg = Debug|Any CPU
		{4D0A0EB4-3AD8-4B07-9464-1CDC883BE904}.Debug|Any CPU.Build.0 = Debug|Any CPU
		{4D0A0EB4-3AD8-4B07-9464-1CDC883BE904}.Release|Any CPU.ActiveCfg = Release|Any CPU
		{4D0A0EB4-3AD8-4B07-9464-1CDC883BE904}.Release|Any CPU.Build.0 = Release|Any CPU
	EndGlobalSection
	GlobalSection(SolutionProperties) = preSolution
		HideSolutionNode = FALSE
	EndGlobalSection
	GlobalSection(NestedProjects) = preSolution
		{923863A8-FE24-4F5D-AAB0-BA5D6440BD8F} = {E6A39F08-C9C3-4815-862D-19F2CC8E8DD4}
		{996D7134-9C36-49FD-8F0F-C08E3F5C38A5} = {923863A8-FE24-4F5D-AAB0-BA5D6440BD8F}
		{EFF265CC-9B19-4C11-AB71-6D9E61142808} = {E938F75A-2EF2-4544-AB5E-C07C09D7FE8F}
		{DC7D3043-EA06-44F0-B36C-F25E92858167} = {823ED382-6C39-4752-B533-631986D4DB78}
		{91F63320-43A4-43FE-88D2-E8297139FB3D} = {E6A39F08-C9C3-4815-862D-19F2CC8E8DD4}
		{F701DFF0-2393-4923-B0F9-A81A742D353F} = {91F63320-43A4-43FE-88D2-E8297139FB3D}
		{721AD4FD-DAC6-4BC0-9DFE-33A6714BBDD8} = {E6A39F08-C9C3-4815-862D-19F2CC8E8DD4}
		{6BC78327-5B58-4094-8715-C941BD8AF6BA} = {721AD4FD-DAC6-4BC0-9DFE-33A6714BBDD8}
		{9C5561ED-66E6-4868-B789-0F9CED98605E} = {E6A39F08-C9C3-4815-862D-19F2CC8E8DD4}
		{E79AC9F1-81EA-4CC5-8FD7-E7FFEE54C22B} = {9C5561ED-66E6-4868-B789-0F9CED98605E}
		{57E33513-FA2E-4AEB-9547-A50DC8EE7309} = {E6A39F08-C9C3-4815-862D-19F2CC8E8DD4}
		{7D283C05-4074-4662-9B69-4189B2B2E1CE} = {57E33513-FA2E-4AEB-9547-A50DC8EE7309}
		{2DB34737-DB75-40C8-964C-05B5474FFD33} = {57E33513-FA2E-4AEB-9547-A50DC8EE7309}
		{2C1C361F-8DD2-435D-BC3E-E06000A06AA5} = {57E33513-FA2E-4AEB-9547-A50DC8EE7309}
		{D04691FC-8428-442B-A8CA-F9136942C663} = {57E33513-FA2E-4AEB-9547-A50DC8EE7309}
		{929D25B0-D6F3-4039-B36F-87E3F7991DDE} = {57E33513-FA2E-4AEB-9547-A50DC8EE7309}
		{C5776190-DE6E-4DF8-9A08-917E1B8C6375} = {E6A39F08-C9C3-4815-862D-19F2CC8E8DD4}
		{4D0A0EB4-3AD8-4B07-9464-1CDC883BE904} = {C5776190-DE6E-4DF8-9A08-917E1B8C6375}
	EndGlobalSection
	GlobalSection(ExtensibilityGlobals) = postSolution
		SolutionGuid = {82A25AE3-D241-4695-915B-6058A2440CAD}
	EndGlobalSection
EndGlobal
